
Microsoft Visual Studio Solution File, Format Version 12.00
# Visual Studio 15
VisualStudioVersion = 15.0.27130.2027
MinimumVisualStudioVersion = 10.0.40219.1
Project("{FAE04EC0-301F-11D3-BF4B-00C04F79EFBC}") = "Contacts", "Contacts\Contacts.csproj", "{9459DC53-F230-485C-98E6-AB3B3F2E9BB0}"
EndProject
Global
	GlobalSection(SolutionConfigurationPlatforms) = preSolution
		Debug|Any CPU = Debug|Any CPU
		Release|Any CPU = Release|Any CPU
	EndGlobalSection
	GlobalSection(ProjectConfigurationPlatforms) = postSolution
		{9459DC53-F230-485C-98E6-AB3B3F2E9BB0}.Debug|Any CPU.ActiveCfg = Debug|Any CPU
		{9459DC53-F230-485C-98E6-AB3B3F2E9BB0}.Debug|Any CPU.Build.0 = Debug|Any CPU
		{9459DC53-F230-485C-98E6-AB3B3F2E9BB0}.Release|Any CPU.ActiveCfg = Release|Any CPU
		{9459DC53-F230-485C-98E6-AB3B3F2E9BB0}.Release|Any CPU.Build.0 = Release|Any CPU
	EndGlobalSection
	GlobalSection(SolutionProperties) = preSolution
		HideSolutionNode = FALSE
	EndGlobalSection
	GlobalSection(ExtensibilityGlobals) = postSolution
		SolutionGuid = {85A04047-FBA3-4B83-AA41-D22CFAC783C0}
	EndGlobalSection
EndGlobal
